
Microsoft Visual Studio Solution File, Format Version 12.00
# Visual Studio Version 16
VisualStudioVersion = 16.0.30907.101
MinimumVisualStudioVersion = 10.0.40219.1
Project("{FAE04EC0-301F-11D3-BF4B-00C04F79EFBC}") = "GiaiPTB1", "GiaiPTB1\GiaiPTB1.csproj", "{2A262A28-CCBB-447C-95F7-DE74A2A9B415}"
EndProject
Global
	GlobalSection(SolutionConfigurationPlatforms) = preSolution
		Debug|Any CPU = Debug|Any CPU
		Release|Any CPU = Release|Any CPU
	EndGlobalSection
	GlobalSection(ProjectConfigurationPlatforms) = postSolution
		{2A262A28-CCBB-447C-95F7-DE74A2A9B415}.Debug|Any CPU.ActiveCfg = Debug|Any CPU
		{2A262A28-CCBB-447C-95F7-DE74A2A9B415}.Debug|Any CPU.Build.0 = Debug|Any CPU
		{2A262A28-CCBB-447C-95F7-DE74A2A9B415}.Release|Any CPU.ActiveCfg = Release|Any CPU
		{2A262A28-CCBB-447C-95F7-DE74A2A9B415}.Release|Any CPU.Build.0 = Release|Any CPU
	EndGlobalSection
	GlobalSection(SolutionProperties) = preSolution
		HideSolutionNode = FALSE
	EndGlobalSection
	GlobalSection(ExtensibilityGlobals) = postSolution
		SolutionGuid = {C6B0D727-C8F9-49AD-BAAB-3437BF953EF9}
	EndGlobalSection
EndGlobal
